{
  "version": "5",
  "remote": {
    "https://edge.netlify.com/": "fd941d61d88673d5f28aab283fb86fcc50f08a3bc80ee5470498fcfa88c65cfb",
    "https://edge.netlify.com/bootstrap/config.ts": "6a2ce0e544e15e8f8883a5c18da5948e37fd0f2619f68cb31f3af53c51817025",
    "https://edge.netlify.com/bootstrap/context.ts": "72496497b40d9e808f419efc764ecb438952a32f61ed94cd54952fc59f17f69d",
    "https://edge.netlify.com/bootstrap/cookie.ts": "8b0baae708989ca183c6f3b4ab3d029e6abcbc2e43f93edeb0ff447b3bbc3a05",
    "https://edge.netlify.com/bootstrap/edge_function.ts": "b8253e86aa83c67341f5cfedeba5049d77fbf84dcab7eceff7566b7728ae9b39",
    "https://edge.netlify.com/bootstrap/globals/types.ts": "eaa6148ded3121d8dee62dd91c86e7fe76601df0f3ca8d7962243a30f4c8935f"
  },
  "workspace": {
    "packageJson": {
      "dependencies": [
        "npm:@clerk/clerk-react@^5.51.0",
        "npm:@emotion/react@^11.14.0",
        "npm:@emotion/styled@^11.14.1",
        "npm:@mui/icons-material@^7.3.4",
        "npm:@mui/material@^7.3.4",
        "npm:@mui/x-data-grid@^8.14.1",
        "npm:@stripe/react-stripe-js@^5.4.0",
        "npm:@stripe/stripe-js@^8.5.2",
        "npm:@supabase/supabase-js@^2.47.10",
        "npm:@tanstack/react-query@5",
        "npm:@types/leaflet@^1.9.21",
        "npm:@types/node@20",
        "npm:@types/react-datepicker@7",
        "npm:@types/react-dom@^18.3.0",
        "npm:@types/react-modal@^3.16.0",
        "npm:@types/react-router-dom@^5.3.3",
        "npm:@types/react@^18.3.3",
        "npm:@types/xlsx@^0.0.35",
        "npm:@typescript-eslint/eslint-plugin@6",
        "npm:@typescript-eslint/parser@6",
        "npm:@vitejs/plugin-react@4",
        "npm:autoprefixer@^10.0.1",
        "npm:axios@^1.6.0",
        "npm:chart.js@^4.4.0",
        "npm:clsx@2",
        "npm:date-fns@^4.1.0",
        "npm:eslint-plugin-react-hooks@^4.6.0",
        "npm:eslint-plugin-react-refresh@~0.4.3",
        "npm:eslint@^8.45.0",
        "npm:formik@^2.4.5",
        "npm:framer-motion@^12.23.24",
        "npm:i18next-browser-languagedetector@^8.2.0",
        "npm:i18next@^24.2.3",
        "npm:leaflet@^1.9.4",
        "npm:lucide-react@0.452",
        "npm:netlify-cli@^23.11.1",
        "npm:postcss@8",
        "npm:react-calendar@^4.6.0",
        "npm:react-chartjs-2@^5.2.0",
        "npm:react-confetti@^6.4.0",
        "npm:react-datepicker@^8.9.0",
        "npm:react-dom@^18.3.1",
        "npm:react-dropzone@^14.2.3",
        "npm:react-hook-form@^7.62.0",
        "npm:react-hot-toast@^2.4.1",
        "npm:react-i18next@^15.7.4",
        "npm:react-intersection-observer@^9.5.3",
        "npm:react-leaflet@^4.2.1",
        "npm:react-modal@^3.16.1",
        "npm:react-router-dom@^6.30.1",
        "npm:react-tooltip@^5.21.4",
        "npm:react@^18.3.1",
        "npm:resend@^6.5.2",
        "npm:stripe@^14.9.0",
        "npm:tailwind-merge@^2.2.0",
        "npm:tailwindcss@^3.3.0",
        "npm:typescript-eslint@^8.46.0",
        "npm:typescript@^5.0.2",
        "npm:vite@^6.3.6",
        "npm:xlsx@~0.18.5",
        "npm:yup@^1.4.0"
      ]
    }
  }
}
